
Microsoft Visual Studio Solution File, Format Version 12.00
# Visual Studio 15
VisualStudioVersion = 15.0.27703.2026
MinimumVisualStudioVersion = 10.0.40219.1
Project("{FAE04EC0-301F-11D3-BF4B-00C04F79EFBC}") = "OOPsReview", "OOPsReview\OOPsReview.csproj", "{43DE443A-96FD-474E-8A17-E22165F506CB}"
EndProject
Global
	GlobalSection(SolutionConfigurationPlatforms) = preSolution
		Debug|Any CPU = Debug|Any CPU
		Release|Any CPU = Release|Any CPU
	EndGlobalSection
	GlobalSection(ProjectConfigurationPlatforms) = postSolution
		{43DE443A-96FD-474E-8A17-E22165F506CB}.Debug|Any CPU.ActiveCfg = Debug|Any CPU
		{43DE443A-96FD-474E-8A17-E22165F506CB}.Debug|Any CPU.Build.0 = Debug|Any CPU
		{43DE443A-96FD-474E-8A17-E22165F506CB}.Release|Any CPU.ActiveCfg = Release|Any CPU
		{43DE443A-96FD-474E-8A17-E22165F506CB}.Release|Any CPU.Build.0 = Release|Any CPU
	EndGlobalSection
	GlobalSection(SolutionProperties) = preSolution
		HideSolutionNode = FALSE
	EndGlobalSection
	GlobalSection(ExtensibilityGlobals) = postSolution
		SolutionGuid = {BA5F926C-1754-4B8A-98DB-855DA3618C58}
	EndGlobalSection
EndGlobal
